
Microsoft Visual Studio Solution File, Format Version 12.00
# Visual Studio Version 17
VisualStudioVersion = 17.6.33815.320
MinimumVisualStudioVersion = 10.0.40219.1
Project("{FAE04EC0-301F-11D3-BF4B-00C04F79EFBC}") = "GitHubSimulator", "GitHubSimulator.csproj", "{585344A4-92B0-4A7D-B049-5214ADDABCBB}"
EndProject
Global
	GlobalSection(SolutionConfigurationPlatforms) = preSolution
		Debug|Any CPU = Debug|Any CPU
		Release|Any CPU = Release|Any CPU
	EndGlobalSection
	GlobalSection(ProjectConfigurationPlatforms) = postSolution
		{585344A4-92B0-4A7D-B049-5214ADDABCBB}.Debug|Any CPU.ActiveCfg = Debug|Any CPU
		{585344A4-92B0-4A7D-B049-5214ADDABCBB}.Debug|Any CPU.Build.0 = Debug|Any CPU
		{585344A4-92B0-4A7D-B049-5214ADDABCBB}.Release|Any CPU.ActiveCfg = Release|Any CPU
		{585344A4-92B0-4A7D-B049-5214ADDABCBB}.Release|Any CPU.Build.0 = Release|Any CPU
	EndGlobalSection
	GlobalSection(SolutionProperties) = preSolution
		HideSolutionNode = FALSE
	EndGlobalSection
	GlobalSection(ExtensibilityGlobals) = postSolution
		SolutionGuid = {AF1A8AF1-52B8-4A5C-9C10-19BF3E79F263}
	EndGlobalSection
EndGlobal
